{
    "name": "prel",
    "lockfileVersion": 2,
    "requires": true,
    "packages": {
        "": {
            "dependencies": {
                "postgres": "^3.4.3",
                "uuid": "^9.0.1"
            },
            "devDependencies": {
                "@playwright/test": "^1.40.1",
                "@types/jquery": "^3.5.29",
                "@types/select2": "^4.0.63",
                "@types/uuid": "^9.0.7",
                "prettier": "3.2.5"
            }
        },
        "node_modules/@playwright/test": {
            "version": "1.41.2",
            "resolved": "https://registry.npmjs.org/@playwright/test/-/test-1.41.2.tgz",
            "integrity": "sha512-qQB9h7KbibJzrDpkXkYvsmiDJK14FULCCZgEcoe2AvFAS64oCirWTwzTlAYEbKaRxWs5TFesE1Na6izMv3HfGg==",
            "dev": true,
            "dependencies": {
                "playwright": "1.41.2"
            },
            "bin": {
                "playwright": "cli.js"
            },
            "engines": {
                "node": ">=16"
            }
        },
        "node_modules/@types/jquery": {
            "version": "3.5.29",
            "resolved": "https://registry.npmjs.org/@types/jquery/-/jquery-3.5.29.tgz",
            "integrity": "sha512-oXQQC9X9MOPRrMhPHHOsXqeQDnWeCDT3PelUIg/Oy8FAbzSZtFHRjc7IpbfFVmpLtJ+UOoywpRsuO5Jxjybyeg==",
            "dev": true,
            "dependencies": {
                "@types/sizzle": "*"
            }
        },
        "node_modules/@types/select2": {
            "version": "4.0.63",
            "resolved": "https://registry.npmjs.org/@types/select2/-/select2-4.0.63.tgz",
            "integrity": "sha512-/DXUfPSj3iVTGlRYRYPCFKKSogAGP/j+Z0fIMXbBiBtmmZj0WH7vnfNuckafq9C43KnqPPQW2TI/Rj/vTSGnQQ==",
            "dev": true,
            "dependencies": {
                "@types/jquery": "*"
            }
        },
        "node_modules/@types/sizzle": {
            "version": "2.3.8",
            "resolved": "https://registry.npmjs.org/@types/sizzle/-/sizzle-2.3.8.tgz",
            "integrity": "sha512-0vWLNK2D5MT9dg0iOo8GlKguPAU02QjmZitPEsXRuJXU/OGIOt9vT9Fc26wtYuavLxtO45v9PGleoL9Z0k1LHg==",
            "dev": true
        },
        "node_modules/@types/uuid": {
            "version": "9.0.8",
            "resolved": "https://registry.npmjs.org/@types/uuid/-/uuid-9.0.8.tgz",
            "integrity": "sha512-jg+97EGIcY9AGHJJRaaPVgetKDsrTgbRjQ5Msgjh/DQKEFl0DtyRr/VCOyD1T2R1MNeWPK/u7JoGhlDZnKBAfA==",
            "dev": true
        },
        "node_modules/fsevents": {
            "version": "2.3.2",
            "resolved": "https://registry.npmjs.org/fsevents/-/fsevents-2.3.2.tgz",
            "integrity": "sha512-xiqMQR4xAeHTuB9uWm+fFRcIOgKBMiOBP+eXiyT7jsgVCq1bkVygt00oASowB7EdtpOHaaPgKt812P9ab+DDKA==",
            "dev": true,
            "hasInstallScript": true,
            "optional": true,
            "os": [
                "darwin"
            ],
            "engines": {
                "node": "^8.16.0 || ^10.6.0 || >=11.0.0"
            }
        },
        "node_modules/playwright": {
            "version": "1.41.2",
            "resolved": "https://registry.npmjs.org/playwright/-/playwright-1.41.2.tgz",
            "integrity": "sha512-v0bOa6H2GJChDL8pAeLa/LZC4feoAMbSQm1/jF/ySsWWoaNItvrMP7GEkvEEFyCTUYKMxjQKaTSg5up7nR6/8A==",
            "dev": true,
            "dependencies": {
                "playwright-core": "1.41.2"
            },
            "bin": {
                "playwright": "cli.js"
            },
            "engines": {
                "node": ">=16"
            },
            "optionalDependencies": {
                "fsevents": "2.3.2"
            }
        },
        "node_modules/playwright-core": {
            "version": "1.41.2",
            "resolved": "https://registry.npmjs.org/playwright-core/-/playwright-core-1.41.2.tgz",
            "integrity": "sha512-VaTvwCA4Y8kxEe+kfm2+uUUw5Lubf38RxF7FpBxLPmGe5sdNkSg5e3ChEigaGrX7qdqT3pt2m/98LiyvU2x6CA==",
            "dev": true,
            "bin": {
                "playwright-core": "cli.js"
            },
            "engines": {
                "node": ">=16"
            }
        },
        "node_modules/postgres": {
            "version": "3.4.3",
            "resolved": "https://registry.npmjs.org/postgres/-/postgres-3.4.3.tgz",
            "integrity": "sha512-iHJn4+M9vbTdHSdDzNkC0crHq+1CUdFhx+YqCE+SqWxPjm+Zu63jq7yZborOBF64c8pc58O5uMudyL1FQcHacA==",
            "engines": {
                "node": ">=12"
            },
            "funding": {
                "type": "individual",
                "url": "https://github.com/sponsors/porsager"
            }
        },
        "node_modules/prettier": {
            "version": "3.2.5",
            "resolved": "https://registry.npmjs.org/prettier/-/prettier-3.2.5.tgz",
            "integrity": "sha512-3/GWa9aOC0YeD7LUfvOG2NiDyhOWRvt1k+rcKhOuYnMY24iiCphgneUfJDyFXd6rZCAnuLBv6UeAULtrhT/F4A==",
            "dev": true,
            "bin": {
                "prettier": "bin/prettier.cjs"
            },
            "engines": {
                "node": ">=14"
            },
            "funding": {
                "url": "https://github.com/prettier/prettier?sponsor=1"
            }
        },
        "node_modules/uuid": {
            "version": "9.0.1",
            "resolved": "https://registry.npmjs.org/uuid/-/uuid-9.0.1.tgz",
            "integrity": "sha512-b+1eJOlsR9K8HJpow9Ok3fiWOWSIcIzXodvv0rQjVoOVNpWMpxf1wZNpt4y9h10odCNrqnYp1OBzRktckBe3sA==",
            "funding": [
                "https://github.com/sponsors/broofa",
                "https://github.com/sponsors/ctavan"
            ],
            "bin": {
                "uuid": "dist/bin/uuid"
            }
        }
    },
    "dependencies": {
        "@playwright/test": {
            "version": "1.41.2",
            "resolved": "https://registry.npmjs.org/@playwright/test/-/test-1.41.2.tgz",
            "integrity": "sha512-qQB9h7KbibJzrDpkXkYvsmiDJK14FULCCZgEcoe2AvFAS64oCirWTwzTlAYEbKaRxWs5TFesE1Na6izMv3HfGg==",
            "dev": true,
            "requires": {
                "playwright": "1.41.2"
            }
        },
        "@types/jquery": {
            "version": "3.5.29",
            "resolved": "https://registry.npmjs.org/@types/jquery/-/jquery-3.5.29.tgz",
            "integrity": "sha512-oXQQC9X9MOPRrMhPHHOsXqeQDnWeCDT3PelUIg/Oy8FAbzSZtFHRjc7IpbfFVmpLtJ+UOoywpRsuO5Jxjybyeg==",
            "dev": true,
            "requires": {
                "@types/sizzle": "*"
            }
        },
        "@types/select2": {
            "version": "4.0.63",
            "resolved": "https://registry.npmjs.org/@types/select2/-/select2-4.0.63.tgz",
            "integrity": "sha512-/DXUfPSj3iVTGlRYRYPCFKKSogAGP/j+Z0fIMXbBiBtmmZj0WH7vnfNuckafq9C43KnqPPQW2TI/Rj/vTSGnQQ==",
            "dev": true,
            "requires": {
                "@types/jquery": "*"
            }
        },
        "@types/sizzle": {
            "version": "2.3.8",
            "resolved": "https://registry.npmjs.org/@types/sizzle/-/sizzle-2.3.8.tgz",
            "integrity": "sha512-0vWLNK2D5MT9dg0iOo8GlKguPAU02QjmZitPEsXRuJXU/OGIOt9vT9Fc26wtYuavLxtO45v9PGleoL9Z0k1LHg==",
            "dev": true
        },
        "@types/uuid": {
            "version": "9.0.8",
            "resolved": "https://registry.npmjs.org/@types/uuid/-/uuid-9.0.8.tgz",
            "integrity": "sha512-jg+97EGIcY9AGHJJRaaPVgetKDsrTgbRjQ5Msgjh/DQKEFl0DtyRr/VCOyD1T2R1MNeWPK/u7JoGhlDZnKBAfA==",
            "dev": true
        },
        "fsevents": {
            "version": "2.3.2",
            "resolved": "https://registry.npmjs.org/fsevents/-/fsevents-2.3.2.tgz",
            "integrity": "sha512-xiqMQR4xAeHTuB9uWm+fFRcIOgKBMiOBP+eXiyT7jsgVCq1bkVygt00oASowB7EdtpOHaaPgKt812P9ab+DDKA==",
            "dev": true,
            "optional": true
        },
        "playwright": {
            "version": "1.41.2",
            "resolved": "https://registry.npmjs.org/playwright/-/playwright-1.41.2.tgz",
            "integrity": "sha512-v0bOa6H2GJChDL8pAeLa/LZC4feoAMbSQm1/jF/ySsWWoaNItvrMP7GEkvEEFyCTUYKMxjQKaTSg5up7nR6/8A==",
            "dev": true,
            "requires": {
                "fsevents": "2.3.2",
                "playwright-core": "1.41.2"
            }
        },
        "playwright-core": {
            "version": "1.41.2",
            "resolved": "https://registry.npmjs.org/playwright-core/-/playwright-core-1.41.2.tgz",
            "integrity": "sha512-VaTvwCA4Y8kxEe+kfm2+uUUw5Lubf38RxF7FpBxLPmGe5sdNkSg5e3ChEigaGrX7qdqT3pt2m/98LiyvU2x6CA==",
            "dev": true
        },
        "postgres": {
            "version": "3.4.3",
            "resolved": "https://registry.npmjs.org/postgres/-/postgres-3.4.3.tgz",
            "integrity": "sha512-iHJn4+M9vbTdHSdDzNkC0crHq+1CUdFhx+YqCE+SqWxPjm+Zu63jq7yZborOBF64c8pc58O5uMudyL1FQcHacA=="
        },
        "prettier": {
            "version": "3.2.5",
            "resolved": "https://registry.npmjs.org/prettier/-/prettier-3.2.5.tgz",
            "integrity": "sha512-3/GWa9aOC0YeD7LUfvOG2NiDyhOWRvt1k+rcKhOuYnMY24iiCphgneUfJDyFXd6rZCAnuLBv6UeAULtrhT/F4A==",
            "dev": true
        },
        "uuid": {
            "version": "9.0.1",
            "resolved": "https://registry.npmjs.org/uuid/-/uuid-9.0.1.tgz",
            "integrity": "sha512-b+1eJOlsR9K8HJpow9Ok3fiWOWSIcIzXodvv0rQjVoOVNpWMpxf1wZNpt4y9h10odCNrqnYp1OBzRktckBe3sA=="
        }
    }
}
